// !$*UTF8*$!
{
	archiveVersion = 1;
	classes = {
	};
	objectVersion = 50;
	objects = {

/* Begin PBXBuildFile section */
		B2297E2A2282A4E6008BE4B0 /* EdgesFramework.framework in Frameworks */ = {isa = PBXBuildFile; fileRef = B2297E202282A4E6008BE4B0 /* EdgesFramework.framework */; };
		B2297E2F2282A4E6008BE4B0 /* EdgesFrameworkTests.swift in Sources */ = {isa = PBXBuildFile; fileRef = B2297E2E2282A4E6008BE4B0 /* EdgesFrameworkTests.swift */; };
		B2297E312282A4E6008BE4B0 /* EdgesFramework.h in Headers */ = {isa = PBXBuildFile; fileRef = B2297E232282A4E6008BE4B0 /* EdgesFramework.h */; settings = {ATTRIBUTES = (Public, ); }; };
		B238EA9F2282A63B00C5C943 /* MultidimensionalStyle.swift in Sources */ = {isa = PBXBuildFile; fileRef = B238EA9E2282A63B00C5C943 /* MultidimensionalStyle.swift */; };
		B238EAA12282A66200C5C943 /* LambertW.swift in Sources */ = {isa = PBXBuildFile; fileRef = B238EAA02282A66200C5C943 /* LambertW.swift */; };
		B238EAA32282A67400C5C943 /* Cross.swift in Sources */ = {isa = PBXBuildFile; fileRef = B238EAA22282A67400C5C943 /* Cross.swift */; };
		B238EAA52282A6D300C5C943 /* Extensions.swift in Sources */ = {isa = PBXBuildFile; fileRef = B238EAA42282A6D300C5C943 /* Extensions.swift */; };
		B238EAB022841BB800C5C943 /* AppDelegate.swift in Sources */ = {isa = PBXBuildFile; fileRef = B238EAAF22841BB800C5C943 /* AppDelegate.swift */; };
		B238EAB222841BBA00C5C943 /* Assets.xcassets in Resources */ = {isa = PBXBuildFile; fileRef = B238EAB122841BBA00C5C943 /* Assets.xcassets */; };
		B238EAB522841BBA00C5C943 /* MainMenu.xib in Resources */ = {isa = PBXBuildFile; fileRef = B238EAB322841BBA00C5C943 /* MainMenu.xib */; };
		B238EAC122841BBA00C5C943 /* edgesTestTests.swift in Sources */ = {isa = PBXBuildFile; fileRef = B238EAC022841BBA00C5C943 /* edgesTestTests.swift */; };
		B238EACA22841D0E00C5C943 /* EdgesView.swift in Sources */ = {isa = PBXBuildFile; fileRef = B238EAC922841D0E00C5C943 /* EdgesView.swift */; };
		B238EACC22841DC700C5C943 /* Edges Extensions.swift in Sources */ = {isa = PBXBuildFile; fileRef = B238EACB22841DC700C5C943 /* Edges Extensions.swift */; };
		B238EACE228437B000C5C943 /* testScene.scn in Resources */ = {isa = PBXBuildFile; fileRef = B238EACD228437B000C5C943 /* testScene.scn */; };
		B238EAD022843C8B00C5C943 /* SCNScene + Line.swift in Sources */ = {isa = PBXBuildFile; fileRef = B238EACF22843C8B00C5C943 /* SCNScene + Line.swift */; };
/* End PBXBuildFile section */

/* Begin PBXContainerItemProxy section */
		B2297E2B2282A4E6008BE4B0 /* PBXContainerItemProxy */ = {
			isa = PBXContainerItemProxy;
			containerPortal = B2297E172282A4E6008BE4B0 /* Project object */;
			proxyType = 1;
			remoteGlobalIDString = B2297E1F2282A4E6008BE4B0;
			remoteInfo = EdgesFramework;
		};
		B238EABD22841BBA00C5C943 /* PBXContainerItemProxy */ = {
			isa = PBXContainerItemProxy;
			containerPortal = B2297E172282A4E6008BE4B0 /* Project object */;
			proxyType = 1;
			remoteGlobalIDString = B238EAAC22841BB800C5C943;
			remoteInfo = edgesTest;
		};
/* End PBXContainerItemProxy section */

/* Begin PBXFileReference section */
		B2297E202282A4E6008BE4B0 /* EdgesFramework.framework */ = {isa = PBXFileReference; explicitFileType = wrapper.framework; includeInIndex = 0; path = EdgesFramework.framework; sourceTree = BUILT_PRODUCTS_DIR; };
		B2297E232282A4E6008BE4B0 /* EdgesFramework.h */ = {isa = PBXFileReference; lastKnownFileType = sourcecode.c.h; path = EdgesFramework.h; sourceTree = "<group>"; };
		B2297E242282A4E6008BE4B0 /* Info.plist */ = {isa = PBXFileReference; lastKnownFileType = text.plist.xml; path = Info.plist; sourceTree = "<group>"; };
		B2297E292282A4E6008BE4B0 /* EdgesFrameworkTests.xctest */ = {isa = PBXFileReference; explicitFileType = wrapper.cfbundle; includeInIndex = 0; path = EdgesFrameworkTests.xctest; sourceTree = BUILT_PRODUCTS_DIR; };
		B2297E2E2282A4E6008BE4B0 /* EdgesFrameworkTests.swift */ = {isa = PBXFileReference; lastKnownFileType = sourcecode.swift; path = EdgesFrameworkTests.swift; sourceTree = "<group>"; };
		B2297E302282A4E6008BE4B0 /* Info.plist */ = {isa = PBXFileReference; lastKnownFileType = text.plist.xml; path = Info.plist; sourceTree = "<group>"; };
		B238EA9E2282A63B00C5C943 /* MultidimensionalStyle.swift */ = {isa = PBXFileReference; lastKnownFileType = sourcecode.swift; path = MultidimensionalStyle.swift; sourceTree = "<group>"; };
		B238EAA02282A66200C5C943 /* LambertW.swift */ = {isa = PBXFileReference; lastKnownFileType = sourcecode.swift; path = LambertW.swift; sourceTree = "<group>"; };
		B238EAA22282A67400C5C943 /* Cross.swift */ = {isa = PBXFileReference; lastKnownFileType = sourcecode.swift; path = Cross.swift; sourceTree = "<group>"; };
		B238EAA42282A6D300C5C943 /* Extensions.swift */ = {isa = PBXFileReference; lastKnownFileType = sourcecode.swift; path = Extensions.swift; sourceTree = "<group>"; };
		B238EAAD22841BB800C5C943 /* edgesTest.app */ = {isa = PBXFileReference; explicitFileType = wrapper.application; includeInIndex = 0; path = edgesTest.app; sourceTree = BUILT_PRODUCTS_DIR; };
		B238EAAF22841BB800C5C943 /* AppDelegate.swift */ = {isa = PBXFileReference; lastKnownFileType = sourcecode.swift; path = AppDelegate.swift; sourceTree = "<group>"; };
		B238EAB122841BBA00C5C943 /* Assets.xcassets */ = {isa = PBXFileReference; lastKnownFileType = folder.assetcatalog; path = Assets.xcassets; sourceTree = "<group>"; };
		B238EAB422841BBA00C5C943 /* Base */ = {isa = PBXFileReference; lastKnownFileType = file.xib; name = Base; path = Base.lproj/MainMenu.xib; sourceTree = "<group>"; };
		B238EAB622841BBA00C5C943 /* Info.plist */ = {isa = PBXFileReference; lastKnownFileType = text.plist.xml; path = Info.plist; sourceTree = "<group>"; };
		B238EAB722841BBA00C5C943 /* edgesTest.entitlements */ = {isa = PBXFileReference; lastKnownFileType = text.plist.entitlements; path = edgesTest.entitlements; sourceTree = "<group>"; };
		B238EABC22841BBA00C5C943 /* edgesTestTests.xctest */ = {isa = PBXFileReference; explicitFileType = wrapper.cfbundle; includeInIndex = 0; path = edgesTestTests.xctest; sourceTree = BUILT_PRODUCTS_DIR; };
		B238EAC022841BBA00C5C943 /* edgesTestTests.swift */ = {isa = PBXFileReference; lastKnownFileType = sourcecode.swift; path = edgesTestTests.swift; sourceTree = "<group>"; };
		B238EAC222841BBA00C5C943 /* Info.plist */ = {isa = PBXFileReference; lastKnownFileType = text.plist.xml; path = Info.plist; sourceTree = "<group>"; };
		B238EAC922841D0E00C5C943 /* EdgesView.swift */ = {isa = PBXFileReference; lastKnownFileType = sourcecode.swift; path = EdgesView.swift; sourceTree = "<group>"; };
		B238EACB22841DC700C5C943 /* Edges Extensions.swift */ = {isa = PBXFileReference; lastKnownFileType = sourcecode.swift; path = "Edges Extensions.swift"; sourceTree = "<group>"; };
		B238EACD228437B000C5C943 /* testScene.scn */ = {isa = PBXFileReference; lastKnownFileType = file.bplist; path = testScene.scn; sourceTree = "<group>"; };
		B238EACF22843C8B00C5C943 /* SCNScene + Line.swift */ = {isa = PBXFileReference; lastKnownFileType = sourcecode.swift; path = "SCNScene + Line.swift"; sourceTree = "<group>"; };
		B2E638AA2287FBF20043F038 /* MyPlayground.playground */ = {isa = PBXFileReference; lastKnownFileType = file.playground; path = MyPlayground.playground; sourceTree = "<group>"; xcLanguageSpecificationIdentifier = xcode.lang.swift; };
/* End PBXFileReference section */

/* Begin PBXFrameworksBuildPhase section */
		B2297E1D2282A4E6008BE4B0 /* Frameworks */ = {
			isa = PBXFrameworksBuildPhase;
			buildActionMask = 2147483647;
			files = (
			);
			runOnlyForDeploymentPostprocessing = 0;
		};
		B2297E262282A4E6008BE4B0 /* Frameworks */ = {
			isa = PBXFrameworksBuildPhase;
			buildActionMask = 2147483647;
			files = (
				B2297E2A2282A4E6008BE4B0 /* EdgesFramework.framework in Frameworks */,
			);
			runOnlyForDeploymentPostprocessing = 0;
		};
		B238EAAA22841BB800C5C943 /* Frameworks */ = {
			isa = PBXFrameworksBuildPhase;
			buildActionMask = 2147483647;
			files = (
			);
			runOnlyForDeploymentPostprocessing = 0;
		};
		B238EAB922841BBA00C5C943 /* Frameworks */ = {
			isa = PBXFrameworksBuildPhase;
			buildActionMask = 2147483647;
			files = (
			);
			runOnlyForDeploymentPostprocessing = 0;
		};
/* End PBXFrameworksBuildPhase section */

/* Begin PBXGroup section */
		B2297E162282A4E6008BE4B0 = {
			isa = PBXGroup;
			children = (
				B2297E222282A4E6008BE4B0 /* EdgesFramework */,
				B2297E2D2282A4E6008BE4B0 /* EdgesFrameworkTests */,
				B238EAAE22841BB800C5C943 /* edgesTest */,
				B238EABF22841BBA00C5C943 /* edgesTestTests */,
				B2297E212282A4E6008BE4B0 /* Products */,
			);
			sourceTree = "<group>";
		};
		B2297E212282A4E6008BE4B0 /* Products */ = {
			isa = PBXGroup;
			children = (
				B2297E202282A4E6008BE4B0 /* EdgesFramework.framework */,
				B2297E292282A4E6008BE4B0 /* EdgesFrameworkTests.xctest */,
				B238EAAD22841BB800C5C943 /* edgesTest.app */,
				B238EABC22841BBA00C5C943 /* edgesTestTests.xctest */,
			);
			name = Products;
			sourceTree = "<group>";
		};
		B2297E222282A4E6008BE4B0 /* EdgesFramework */ = {
			isa = PBXGroup;
			children = (
				B2297E232282A4E6008BE4B0 /* EdgesFramework.h */,
				B2297E242282A4E6008BE4B0 /* Info.plist */,
				B238EA9E2282A63B00C5C943 /* MultidimensionalStyle.swift */,
				B238EAA42282A6D300C5C943 /* Extensions.swift */,
				B238EAA02282A66200C5C943 /* LambertW.swift */,
				B238EAA22282A67400C5C943 /* Cross.swift */,
			);
			path = EdgesFramework;
			sourceTree = "<group>";
		};
		B2297E2D2282A4E6008BE4B0 /* EdgesFrameworkTests */ = {
			isa = PBXGroup;
			children = (
				B2297E2E2282A4E6008BE4B0 /* EdgesFrameworkTests.swift */,
				B2297E302282A4E6008BE4B0 /* Info.plist */,
			);
			path = EdgesFrameworkTests;
			sourceTree = "<group>";
		};
		B238EAAE22841BB800C5C943 /* edgesTest */ = {
			isa = PBXGroup;
			children = (
				B2E638AA2287FBF20043F038 /* MyPlayground.playground */,
				B238EAAF22841BB800C5C943 /* AppDelegate.swift */,
				B238EACF22843C8B00C5C943 /* SCNScene + Line.swift */,
				B238EAB122841BBA00C5C943 /* Assets.xcassets */,
				B238EAB322841BBA00C5C943 /* MainMenu.xib */,
				B238EAB622841BBA00C5C943 /* Info.plist */,
				B238EAB722841BBA00C5C943 /* edgesTest.entitlements */,
				B238EAC922841D0E00C5C943 /* EdgesView.swift */,
				B238EACB22841DC700C5C943 /* Edges Extensions.swift */,
				B238EACD228437B000C5C943 /* testScene.scn */,
			);
			path = edgesTest;
			sourceTree = "<group>";
		};
		B238EABF22841BBA00C5C943 /* edgesTestTests */ = {
			isa = PBXGroup;
			children = (
				B238EAC022841BBA00C5C943 /* edgesTestTests.swift */,
				B238EAC222841BBA00C5C943 /* Info.plist */,
			);
			path = edgesTestTests;
			sourceTree = "<group>";
		};
/* End PBXGroup section */

/* Begin PBXHeadersBuildPhase section */
		B2297E1B2282A4E6008BE4B0 /* Headers */ = {
			isa = PBXHeadersBuildPhase;
			buildActionMask = 2147483647;
			files = (
				B2297E312282A4E6008BE4B0 /* EdgesFramework.h in Headers */,
			);
			runOnlyForDeploymentPostprocessing = 0;
		};
/* End PBXHeadersBuildPhase section */

/* Begin PBXNativeTarget section */
		B2297E1F2282A4E6008BE4B0 /* EdgesFramework */ = {
			isa = PBXNativeTarget;
			buildConfigurationList = B2297E342282A4E6008BE4B0 /* Build configuration list for PBXNativeTarget "EdgesFramework" */;
			buildPhases = (
				B2297E1B2282A4E6008BE4B0 /* Headers */,
				B2297E1C2282A4E6008BE4B0 /* Sources */,
				B2297E1D2282A4E6008BE4B0 /* Frameworks */,
				B2297E1E2282A4E6008BE4B0 /* Resources */,
			);
			buildRules = (
			);
			dependencies = (
			);
			name = EdgesFramework;
			productName = EdgesFramework;
			productReference = B2297E202282A4E6008BE4B0 /* EdgesFramework.framework */;
			productType = "com.apple.product-type.framework";
		};
		B2297E282282A4E6008BE4B0 /* EdgesFrameworkTests */ = {
			isa = PBXNativeTarget;
			buildConfigurationList = B2297E372282A4E6008BE4B0 /* Build configuration list for PBXNativeTarget "EdgesFrameworkTests" */;
			buildPhases = (
				B2297E252282A4E6008BE4B0 /* Sources */,
				B2297E262282A4E6008BE4B0 /* Frameworks */,
				B2297E272282A4E6008BE4B0 /* Resources */,
			);
			buildRules = (
			);
			dependencies = (
				B2297E2C2282A4E6008BE4B0 /* PBXTargetDependency */,
			);
			name = EdgesFrameworkTests;
			productName = EdgesFrameworkTests;
			productReference = B2297E292282A4E6008BE4B0 /* EdgesFrameworkTests.xctest */;
			productType = "com.apple.product-type.bundle.unit-test";
		};
		B238EAAC22841BB800C5C943 /* edgesTest */ = {
			isa = PBXNativeTarget;
			buildConfigurationList = B238EAC322841BBA00C5C943 /* Build configuration list for PBXNativeTarget "edgesTest" */;
			buildPhases = (
				B238EAA922841BB800C5C943 /* Sources */,
				B238EAAA22841BB800C5C943 /* Frameworks */,
				B238EAAB22841BB800C5C943 /* Resources */,
			);
			buildRules = (
			);
			dependencies = (
			);
			name = edgesTest;
			productName = edgesTest;
			productReference = B238EAAD22841BB800C5C943 /* edgesTest.app */;
			productType = "com.apple.product-type.application";
		};
		B238EABB22841BBA00C5C943 /* edgesTestTests */ = {
			isa = PBXNativeTarget;
			buildConfigurationList = B238EAC622841BBA00C5C943 /* Build configuration list for PBXNativeTarget "edgesTestTests" */;
			buildPhases = (
				B238EAB822841BBA00C5C943 /* Sources */,
				B238EAB922841BBA00C5C943 /* Frameworks */,
				B238EABA22841BBA00C5C943 /* Resources */,
			);
			buildRules = (
			);
			dependencies = (
				B238EABE22841BBA00C5C943 /* PBXTargetDependency */,
			);
			name = edgesTestTests;
			productName = edgesTestTests;
			productReference = B238EABC22841BBA00C5C943 /* edgesTestTests.xctest */;
			productType = "com.apple.product-type.bundle.unit-test";
		};
/* End PBXNativeTarget section */

/* Begin PBXProject section */
		B2297E172282A4E6008BE4B0 /* Project object */ = {
			isa = PBXProject;
			attributes = {
				LastSwiftUpdateCheck = 1020;
				LastUpgradeCheck = 1020;
				ORGANIZATIONNAME = "Łukasz Dziedzic";
				TargetAttributes = {
					B2297E1F2282A4E6008BE4B0 = {
						CreatedOnToolsVersion = 10.2.1;
						LastSwiftMigration = 1020;
					};
					B2297E282282A4E6008BE4B0 = {
						CreatedOnToolsVersion = 10.2.1;
					};
					B238EAAC22841BB800C5C943 = {
						CreatedOnToolsVersion = 10.2.1;
					};
					B238EABB22841BBA00C5C943 = {
						CreatedOnToolsVersion = 10.2.1;
						TestTargetID = B238EAAC22841BB800C5C943;
					};
				};
			};
			buildConfigurationList = B2297E1A2282A4E6008BE4B0 /* Build configuration list for PBXProject "EdgesFramework" */;
			compatibilityVersion = "Xcode 9.3";
			developmentRegion = en;
			hasScannedForEncodings = 0;
			knownRegions = (
				en,
				Base,
			);
			mainGroup = B2297E162282A4E6008BE4B0;
			productRefGroup = B2297E212282A4E6008BE4B0 /* Products */;
			projectDirPath = "";
			projectRoot = "";
			targets = (
				B2297E1F2282A4E6008BE4B0 /* EdgesFramework */,
				B2297E282282A4E6008BE4B0 /* EdgesFrameworkTests */,
				B238EAAC22841BB800C5C943 /* edgesTest */,
				B238EABB22841BBA00C5C943 /* edgesTestTests */,
			);
		};
/* End PBXProject section */

/* Begin PBXResourcesBuildPhase section */
		B2297E1E2282A4E6008BE4B0 /* Resources */ = {
			isa = PBXResourcesBuildPhase;
			buildActionMask = 2147483647;
			files = (
			);
			runOnlyForDeploymentPostprocessing = 0;
		};
		B2297E272282A4E6008BE4B0 /* Resources */ = {
			isa = PBXResourcesBuildPhase;
			buildActionMask = 2147483647;
			files = (
			);
			runOnlyForDeploymentPostprocessing = 0;
		};
		B238EAAB22841BB800C5C943 /* Resources */ = {
			isa = PBXResourcesBuildPhase;
			buildActionMask = 2147483647;
			files = (
				B238EAB222841BBA00C5C943 /* Assets.xcassets in Resources */,
				B238EAB522841BBA00C5C943 /* MainMenu.xib in Resources */,
				B238EACE228437B000C5C943 /* testScene.scn in Resources */,
			);
			runOnlyForDeploymentPostprocessing = 0;
		};
		B238EABA22841BBA00C5C943 /* Resources */ = {
			isa = PBXResourcesBuildPhase;
			buildActionMask = 2147483647;
			files = (
			);
			runOnlyForDeploymentPostprocessing = 0;
		};
/* End PBXResourcesBuildPhase section */

/* Begin PBXSourcesBuildPhase section */
		B2297E1C2282A4E6008BE4B0 /* Sources */ = {
			isa = PBXSourcesBuildPhase;
			buildActionMask = 2147483647;
			files = (
				B238EA9F2282A63B00C5C943 /* MultidimensionalStyle.swift in Sources */,
				B238EAA32282A67400C5C943 /* Cross.swift in Sources */,
				B238EAA12282A66200C5C943 /* LambertW.swift in Sources */,
				B238EAA52282A6D300C5C943 /* Extensions.swift in Sources */,
			);
			runOnlyForDeploymentPostprocessing = 0;
		};
		B2297E252282A4E6008BE4B0 /* Sources */ = {
			isa = PBXSourcesBuildPhase;
			buildActionMask = 2147483647;
			files = (
				B2297E2F2282A4E6008BE4B0 /* EdgesFrameworkTests.swift in Sources */,
			);
			runOnlyForDeploymentPostprocessing = 0;
		};
		B238EAA922841BB800C5C943 /* Sources */ = {
			isa = PBXSourcesBuildPhase;
			buildActionMask = 2147483647;
			files = (
				B238EACC22841DC700C5C943 /* Edges Extensions.swift in Sources */,
				B238EAD022843C8B00C5C943 /* SCNScene + Line.swift in Sources */,
				B238EAB022841BB800C5C943 /* AppDelegate.swift in Sources */,
				B238EACA22841D0E00C5C943 /* EdgesView.swift in Sources */,
			);
			runOnlyForDeploymentPostprocessing = 0;
		};
		B238EAB822841BBA00C5C943 /* Sources */ = {
			isa = PBXSourcesBuildPhase;
			buildActionMask = 2147483647;
			files = (
				B238EAC122841BBA00C5C943 /* edgesTestTests.swift in Sources */,
			);
			runOnlyForDeploymentPostprocessing = 0;
		};
/* End PBXSourcesBuildPhase section */

/* Begin PBXTargetDependency section */
		B2297E2C2282A4E6008BE4B0 /* PBXTargetDependency */ = {
			isa = PBXTargetDependency;
			target = B2297E1F2282A4E6008BE4B0 /* EdgesFramework */;
			targetProxy = B2297E2B2282A4E6008BE4B0 /* PBXContainerItemProxy */;
		};
		B238EABE22841BBA00C5C943 /* PBXTargetDependency */ = {
			isa = PBXTargetDependency;
			target = B238EAAC22841BB800C5C943 /* edgesTest */;
			targetProxy = B238EABD22841BBA00C5C943 /* PBXContainerItemProxy */;
		};
/* End PBXTargetDependency section */

/* Begin PBXVariantGroup section */
		B238EAB322841BBA00C5C943 /* MainMenu.xib */ = {
			isa = PBXVariantGroup;
			children = (
				B238EAB422841BBA00C5C943 /* Base */,
			);
			name = MainMenu.xib;
			sourceTree = "<group>";
		};
/* End PBXVariantGroup section */

/* Begin XCBuildConfiguration section */
		B2297E322282A4E6008BE4B0 /* Debug */ = {
			isa = XCBuildConfiguration;
			buildSettings = {
				ALWAYS_SEARCH_USER_PATHS = NO;
				CLANG_ANALYZER_NONNULL = YES;
				CLANG_ANALYZER_NUMBER_OBJECT_CONVERSION = YES_AGGRESSIVE;
				CLANG_CXX_LANGUAGE_STANDARD = "gnu++14";
				CLANG_CXX_LIBRARY = "libc++";
				CLANG_ENABLE_MODULES = YES;
				CLANG_ENABLE_OBJC_ARC = YES;
				CLANG_ENABLE_OBJC_WEAK = YES;
				CLANG_WARN_BLOCK_CAPTURE_AUTORELEASING = YES;
				CLANG_WARN_BOOL_CONVERSION = YES;
				CLANG_WARN_COMMA = YES;
				CLANG_WARN_CONSTANT_CONVERSION = YES;
				CLANG_WARN_DEPRECATED_OBJC_IMPLEMENTATIONS = YES;
				CLANG_WARN_DIRECT_OBJC_ISA_USAGE = YES_ERROR;
				CLANG_WARN_DOCUMENTATION_COMMENTS = YES;
				CLANG_WARN_EMPTY_BODY = YES;
				CLANG_WARN_ENUM_CONVERSION = YES;
				CLANG_WARN_INFINITE_RECURSION = YES;
				CLANG_WARN_INT_CONVERSION = YES;
				CLANG_WARN_NON_LITERAL_NULL_CONVERSION = YES;
				CLANG_WARN_OBJC_IMPLICIT_RETAIN_SELF = YES;
				CLANG_WARN_OBJC_LITERAL_CONVERSION = YES;
				CLANG_WARN_OBJC_ROOT_CLASS = YES_ERROR;
				CLANG_WARN_RANGE_LOOP_ANALYSIS = YES;
				CLANG_WARN_STRICT_PROTOTYPES = YES;
				CLANG_WARN_SUSPICIOUS_MOVE = YES;
				CLANG_WARN_UNGUARDED_AVAILABILITY = YES_AGGRESSIVE;
				CLANG_WARN_UNREACHABLE_CODE = YES;
				CLANG_WARN__DUPLICATE_METHOD_MATCH = YES;
				CODE_SIGN_IDENTITY = "Mac Developer";
				COPY_PHASE_STRIP = NO;
				CURRENT_PROJECT_VERSION = 1;
				DEBUG_INFORMATION_FORMAT = dwarf;
				ENABLE_STRICT_OBJC_MSGSEND = YES;
				ENABLE_TESTABILITY = YES;
				GCC_C_LANGUAGE_STANDARD = gnu11;
				GCC_DYNAMIC_NO_PIC = NO;
				GCC_NO_COMMON_BLOCKS = YES;
				GCC_OPTIMIZATION_LEVEL = 0;
				GCC_PREPROCESSOR_DEFINITIONS = (
					"DEBUG=1",
					"$(inherited)",
				);
				GCC_WARN_64_TO_32_BIT_CONVERSION = YES;
				GCC_WARN_ABOUT_RETURN_TYPE = YES_ERROR;
				GCC_WARN_UNDECLARED_SELECTOR = YES;
				GCC_WARN_UNINITIALIZED_AUTOS = YES_AGGRESSIVE;
				GCC_WARN_UNUSED_FUNCTION = YES;
				GCC_WARN_UNUSED_VARIABLE = YES;
				MACOSX_DEPLOYMENT_TARGET = 10.14;
				MTL_ENABLE_DEBUG_INFO = INCLUDE_SOURCE;
				MTL_FAST_MATH = YES;
				ONLY_ACTIVE_ARCH = YES;
				SDKROOT = macosx;
				SWIFT_ACTIVE_COMPILATION_CONDITIONS = DEBUG;
				SWIFT_OPTIMIZATION_LEVEL = "-Onone";
				VERSIONING_SYSTEM = "apple-generic";
				VERSION_INFO_PREFIX = "";
			};
			name = Debug;
		};
		B2297E332282A4E6008BE4B0 /* Release */ = {
			isa = XCBuildConfiguration;
			buildSettings = {
				ALWAYS_SEARCH_USER_PATHS = NO;
				CLANG_ANALYZER_NONNULL = YES;
				CLANG_ANALYZER_NUMBER_OBJECT_CONVERSION = YES_AGGRESSIVE;
				CLANG_CXX_LANGUAGE_STANDARD = "gnu++14";
				CLANG_CXX_LIBRARY = "libc++";
				CLANG_ENABLE_MODULES = YES;
				CLANG_ENABLE_OBJC_ARC = YES;
				CLANG_ENABLE_OBJC_WEAK = YES;
				CLANG_WARN_BLOCK_CAPTURE_AUTORELEASING = YES;
				CLANG_WARN_BOOL_CONVERSION = YES;
				CLANG_WARN_COMMA = YES;
				CLANG_WARN_CONSTANT_CONVERSION = YES;
				CLANG_WARN_DEPRECATED_OBJC_IMPLEMENTATIONS = YES;
				CLANG_WARN_DIRECT_OBJC_ISA_USAGE = YES_ERROR;
				CLANG_WARN_DOCUMENTATION_COMMENTS = YES;
				CLANG_WARN_EMPTY_BODY = YES;
				CLANG_WARN_ENUM_CONVERSION = YES;
				CLANG_WARN_INFINITE_RECURSION = YES;
				CLANG_WARN_INT_CONVERSION = YES;
				CLANG_WARN_NON_LITERAL_NULL_CONVERSION = YES;
				CLANG_WARN_OBJC_IMPLICIT_RETAIN_SELF = YES;
				CLANG_WARN_OBJC_LITERAL_CONVERSION = YES;
				CLANG_WARN_OBJC_ROOT_CLASS = YES_ERROR;
				CLANG_WARN_RANGE_LOOP_ANALYSIS = YES;
				CLANG_WARN_STRICT_PROTOTYPES = YES;
				CLANG_WARN_SUSPICIOUS_MOVE = YES;
				CLANG_WARN_UNGUARDED_AVAILABILITY = YES_AGGRESSIVE;
				CLANG_WARN_UNREACHABLE_CODE = YES;
				CLANG_WARN__DUPLICATE_METHOD_MATCH = YES;
				CODE_SIGN_IDENTITY = "Mac Developer";
				COPY_PHASE_STRIP = NO;
				CURRENT_PROJECT_VERSION = 1;
				DEBUG_INFORMATION_FORMAT = "dwarf-with-dsym";
				ENABLE_NS_ASSERTIONS = NO;
				ENABLE_STRICT_OBJC_MSGSEND = YES;
				GCC_C_LANGUAGE_STANDARD = gnu11;
				GCC_NO_COMMON_BLOCKS = YES;
				GCC_WARN_64_TO_32_BIT_CONVERSION = YES;
				GCC_WARN_ABOUT_RETURN_TYPE = YES_ERROR;
				GCC_WARN_UNDECLARED_SELECTOR = YES;
				GCC_WARN_UNINITIALIZED_AUTOS = YES_AGGRESSIVE;
				GCC_WARN_UNUSED_FUNCTION = YES;
				GCC_WARN_UNUSED_VARIABLE = YES;
				MACOSX_DEPLOYMENT_TARGET = 10.14;
				MTL_ENABLE_DEBUG_INFO = NO;
				MTL_FAST_MATH = YES;
				SDKROOT = macosx;
				SWIFT_COMPILATION_MODE = wholemodule;
				SWIFT_OPTIMIZATION_LEVEL = "-O";
				VERSIONING_SYSTEM = "apple-generic";
				VERSION_INFO_PREFIX = "";
			};
			name = Release;
		};
		B2297E352282A4E6008BE4B0 /* Debug */ = {
			isa = XCBuildConfiguration;
			buildSettings = {
				CLANG_ENABLE_MODULES = YES;
				CODE_SIGN_IDENTITY = "";
				CODE_SIGN_STYLE = Automatic;
				COMBINE_HIDPI_IMAGES = YES;
				DEFINES_MODULE = YES;
				DEVELOPMENT_TEAM = 3ASHMCMJEN;
				DYLIB_COMPATIBILITY_VERSION = 1;
				DYLIB_CURRENT_VERSION = 1;
				DYLIB_INSTALL_NAME_BASE = "@rpath";
				FRAMEWORK_VERSION = A;
				INFOPLIST_FILE = EdgesFramework/Info.plist;
				INSTALL_PATH = "$(LOCAL_LIBRARY_DIR)/Frameworks";
				LD_RUNPATH_SEARCH_PATHS = (
					"$(inherited)",
					"@executable_path/../Frameworks",
					"@loader_path/Frameworks",
				);
				PRODUCT_BUNDLE_IDENTIFIER = com.typoland.EdgesFramework;
				PRODUCT_NAME = "$(TARGET_NAME:c99extidentifier)";
				SKIP_INSTALL = YES;
				SWIFT_OPTIMIZATION_LEVEL = "-Onone";
				SWIFT_VERSION = 5.0;
			};
			name = Debug;
		};
		B2297E362282A4E6008BE4B0 /* Release */ = {
			isa = XCBuildConfiguration;
			buildSettings = {
				CLANG_ENABLE_MODULES = YES;
				CODE_SIGN_IDENTITY = "";
				CODE_SIGN_STYLE = Automatic;
				COMBINE_HIDPI_IMAGES = YES;
				DEFINES_MODULE = YES;
				DEVELOPMENT_TEAM = 3ASHMCMJEN;
				DYLIB_COMPATIBILITY_VERSION = 1;
				DYLIB_CURRENT_VERSION = 1;
				DYLIB_INSTALL_NAME_BASE = "@rpath";
				FRAMEWORK_VERSION = A;
				INFOPLIST_FILE = EdgesFramework/Info.plist;
				INSTALL_PATH = "$(LOCAL_LIBRARY_DIR)/Frameworks";
				LD_RUNPATH_SEARCH_PATHS = (
					"$(inherited)",
					"@executable_path/../Frameworks",
					"@loader_path/Frameworks",
				);
				PRODUCT_BUNDLE_IDENTIFIER = com.typoland.EdgesFramework;
				PRODUCT_NAME = "$(TARGET_NAME:c99extidentifier)";
				SKIP_INSTALL = YES;
				SWIFT_VERSION = 5.0;
			};
			name = Release;
		};
		B2297E382282A4E6008BE4B0 /* Debug */ = {
			isa = XCBuildConfiguration;
			buildSettings = {
				ALWAYS_EMBED_SWIFT_STANDARD_LIBRARIES = YES;
				CODE_SIGN_STYLE = Automatic;
				COMBINE_HIDPI_IMAGES = YES;
				DEVELOPMENT_TEAM = 3ASHMCMJEN;
				INFOPLIST_FILE = EdgesFrameworkTests/Info.plist;
				LD_RUNPATH_SEARCH_PATHS = (
					"$(inherited)",
					"@executable_path/../Frameworks",
					"@loader_path/../Frameworks",
				);
				PRODUCT_BUNDLE_IDENTIFIER = com.typoland.EdgesFrameworkTests;
				PRODUCT_NAME = "$(TARGET_NAME)";
				SWIFT_VERSION = 5.0;
			};
			name = Debug;
		};
		B2297E392282A4E6008BE4B0 /* Release */ = {
			isa = XCBuildConfiguration;
			buildSettings = {
				ALWAYS_EMBED_SWIFT_STANDARD_LIBRARIES = YES;
				CODE_SIGN_STYLE = Automatic;
				COMBINE_HIDPI_IMAGES = YES;
				DEVELOPMENT_TEAM = 3ASHMCMJEN;
				INFOPLIST_FILE = EdgesFrameworkTests/Info.plist;
				LD_RUNPATH_SEARCH_PATHS = (
					"$(inherited)",
					"@executable_path/../Frameworks",
					"@loader_path/../Frameworks",
				);
				PRODUCT_BUNDLE_IDENTIFIER = com.typoland.EdgesFrameworkTests;
				PRODUCT_NAME = "$(TARGET_NAME)";
				SWIFT_VERSION = 5.0;
			};
			name = Release;
		};
		B238EAC422841BBA00C5C943 /* Debug */ = {
			isa = XCBuildConfiguration;
			buildSettings = {
				ASSETCATALOG_COMPILER_APPICON_NAME = AppIcon;
				CODE_SIGN_ENTITLEMENTS = edgesTest/edgesTest.entitlements;
				CODE_SIGN_STYLE = Automatic;
				COMBINE_HIDPI_IMAGES = YES;
				DEVELOPMENT_TEAM = 3ASHMCMJEN;
				INFOPLIST_FILE = edgesTest/Info.plist;
				LD_RUNPATH_SEARCH_PATHS = (
					"$(inherited)",
					"@executable_path/../Frameworks",
				);
				PRODUCT_BUNDLE_IDENTIFIER = com.typoland.edgesTest;
				PRODUCT_NAME = "$(TARGET_NAME)";
				SWIFT_VERSION = 5.0;
			};
			name = Debug;
		};
		B238EAC522841BBA00C5C943 /* Release */ = {
			isa = XCBuildConfiguration;
			buildSettings = {
				ASSETCATALOG_COMPILER_APPICON_NAME = AppIcon;
				CODE_SIGN_ENTITLEMENTS = edgesTest/edgesTest.entitlements;
				CODE_SIGN_STYLE = Automatic;
				COMBINE_HIDPI_IMAGES = YES;
				DEVELOPMENT_TEAM = 3ASHMCMJEN;
				INFOPLIST_FILE = edgesTest/Info.plist;
				LD_RUNPATH_SEARCH_PATHS = (
					"$(inherited)",
					"@executable_path/../Frameworks",
				);
				PRODUCT_BUNDLE_IDENTIFIER = com.typoland.edgesTest;
				PRODUCT_NAME = "$(TARGET_NAME)";
				SWIFT_VERSION = 5.0;
			};
			name = Release;
		};
		B238EAC722841BBA00C5C943 /* Debug */ = {
			isa = XCBuildConfiguration;
			buildSettings = {
				ALWAYS_EMBED_SWIFT_STANDARD_LIBRARIES = YES;
				BUNDLE_LOADER = "$(TEST_HOST)";
				CODE_SIGN_STYLE = Automatic;
				COMBINE_HIDPI_IMAGES = YES;
				DEVELOPMENT_TEAM = 3ASHMCMJEN;
				INFOPLIST_FILE = edgesTestTests/Info.plist;
				LD_RUNPATH_SEARCH_PATHS = (
					"$(inherited)",
					"@executable_path/../Frameworks",
					"@loader_path/../Frameworks",
				);
				PRODUCT_BUNDLE_IDENTIFIER = com.typoland.edgesTestTests;
				PRODUCT_NAME = "$(TARGET_NAME)";
				SWIFT_VERSION = 5.0;
				TEST_HOST = "$(BUILT_PRODUCTS_DIR)/edgesTest.app/Contents/MacOS/edgesTest";
			};
			name = Debug;
		};
		B238EAC822841BBA00C5C943 /* Release */ = {
			isa = XCBuildConfiguration;
			buildSettings = {
				ALWAYS_EMBED_SWIFT_STANDARD_LIBRARIES = YES;
				BUNDLE_LOADER = "$(TEST_HOST)";
				CODE_SIGN_STYLE = Automatic;
				COMBINE_HIDPI_IMAGES = YES;
				DEVELOPMENT_TEAM = 3ASHMCMJEN;
				INFOPLIST_FILE = edgesTestTests/Info.plist;
				LD_RUNPATH_SEARCH_PATHS = (
					"$(inherited)",
					"@executable_path/../Frameworks",
					"@loader_path/../Frameworks",
				);
				PRODUCT_BUNDLE_IDENTIFIER = com.typoland.edgesTestTests;
				PRODUCT_NAME = "$(TARGET_NAME)";
				SWIFT_VERSION = 5.0;
				TEST_HOST = "$(BUILT_PRODUCTS_DIR)/edgesTest.app/Contents/MacOS/edgesTest";
			};
			name = Release;
		};
/* End XCBuildConfiguration section */

/* Begin XCConfigurationList section */
		B2297E1A2282A4E6008BE4B0 /* Build configuration list for PBXProject "EdgesFramework" */ = {
			isa = XCConfigurationList;
			buildConfigurations = (
				B2297E322282A4E6008BE4B0 /* Debug */,
				B2297E332282A4E6008BE4B0 /* Release */,
			);
			defaultConfigurationIsVisible = 0;
			defaultConfigurationName = Release;
		};
		B2297E342282A4E6008BE4B0 /* Build configuration list for PBXNativeTarget "EdgesFramework" */ = {
			isa = XCConfigurationList;
			buildConfigurations = (
				B2297E352282A4E6008BE4B0 /* Debug */,
				B2297E362282A4E6008BE4B0 /* Release */,
			);
			defaultConfigurationIsVisible = 0;
			defaultConfigurationName = Release;
		};
		B2297E372282A4E6008BE4B0 /* Build configuration list for PBXNativeTarget "EdgesFrameworkTests" */ = {
			isa = XCConfigurationList;
			buildConfigurations = (
				B2297E382282A4E6008BE4B0 /* Debug */,
				B2297E392282A4E6008BE4B0 /* Release */,
			);
			defaultConfigurationIsVisible = 0;
			defaultConfigurationName = Release;
		};
		B238EAC322841BBA00C5C943 /* Build configuration list for PBXNativeTarget "edgesTest" */ = {
			isa = XCConfigurationList;
			buildConfigurations = (
				B238EAC422841BBA00C5C943 /* Debug */,
				B238EAC522841BBA00C5C943 /* Release */,
			);
			defaultConfigurationIsVisible = 0;
			defaultConfigurationName = Release;
		};
		B238EAC622841BBA00C5C943 /* Build configuration list for PBXNativeTarget "edgesTestTests" */ = {
			isa = XCConfigurationList;
			buildConfigurations = (
				B238EAC722841BBA00C5C943 /* Debug */,
				B238EAC822841BBA00C5C943 /* Release */,
			);
			defaultConfigurationIsVisible = 0;
			defaultConfigurationName = Release;
		};
/* End XCConfigurationList section */
	};
	rootObject = B2297E172282A4E6008BE4B0 /* Project object */;
}
